{
  "nodes": {
    "flake-parts": {
      "inputs": {
        "nixpkgs-lib": "nixpkgs-lib"
      },
      "locked": {
        "lastModified": 1765835352,
        "narHash": "sha256-XswHlK/Qtjasvhd1nOa1e8MgZ8GS//jBoTqWtrS1Giw=",
        "owner": "hercules-ci",
        "repo": "flake-parts",
        "rev": "a34fae9c08a15ad73f295041fec82323541400a9",
        "type": "github"
      },
      "original": {
        "owner": "hercules-ci",
        "repo": "flake-parts",
        "type": "github"
      }
    },
    "home-manager": {
      "inputs": {
        "nixpkgs": [
          "nixpkgs"
        ]
      },
      "locked": {
        "lastModified": 1767280655,
        "narHash": "sha256-YmaYMduV5ko8zURUT1VLGDbVC1L/bxHS0NsiPoZ6bBM=",
        "owner": "nix-community",
        "repo": "home-manager",
        "rev": "d49d2543f02dbd789ed032188c84570d929223cb",
        "type": "github"
      },
      "original": {
        "owner": "nix-community",
        "ref": "release-25.11",
        "repo": "home-manager",
        "type": "github"
      }
    },
    "nix-gaming": {
      "inputs": {
        "flake-parts": "flake-parts",
        "nixpkgs": "nixpkgs"
      },
      "locked": {
        "lastModified": 1767319620,
        "narHash": "sha256-salrbdHzVTRpgnASAJMX61kuqrg65KiuQ2yxkrVcB8Y=",
        "owner": "fufexan",
        "repo": "nix-gaming",
        "rev": "f39d1b692c466255e7f5b2fa8ac5b8aead5eadb5",
        "type": "github"
      },
      "original": {
        "owner": "fufexan",
        "repo": "nix-gaming",
        "type": "github"
      }
    },
    "nixpkgs": {
      "locked": {
        "lastModified": 1766840161,
        "narHash": "sha256-Ss/LHpJJsng8vz1Pe33RSGIWUOcqM1fjrehjUkdrWio=",
        "owner": "NixOS",
        "repo": "nixpkgs",
        "rev": "3edc4a30ed3903fdf6f90c837f961fa6b49582d1",
        "type": "github"
      },
      "original": {
        "owner": "NixOS",
        "ref": "nixpkgs-unstable",
        "repo": "nixpkgs",
        "type": "github"
      }
    },
    "nixpkgs-lib": {
      "locked": {
        "lastModified": 1765674936,
        "narHash": "sha256-k00uTP4JNfmejrCLJOwdObYC9jHRrr/5M/a/8L2EIdo=",
        "owner": "nix-community",
        "repo": "nixpkgs.lib",
        "rev": "2075416fcb47225d9b68ac469a5c4801a9c4dd85",
        "type": "github"
      },
      "original": {
        "owner": "nix-community",
        "repo": "nixpkgs.lib",
        "type": "github"
      }
    },
    "nixpkgs_2": {
      "locked": {
        "lastModified": 1767325753,
        "narHash": "sha256-yA/CuWyqm+AQo2ivGy6PlYrjZBQm7jfbe461+4HF2fo=",
        "owner": "NixOS",
        "repo": "nixpkgs",
        "rev": "64049ca74d63e971b627b5f3178d95642e61cedd",
        "type": "github"
      },
      "original": {
        "owner": "NixOS",
        "ref": "nixos-25.11",
        "repo": "nixpkgs",
        "type": "github"
      }
    },
    "root": {
      "inputs": {
        "home-manager": "home-manager",
        "nix-gaming": "nix-gaming",
        "nixpkgs": "nixpkgs_2",
        "zen-browser": "zen-browser"
      }
    },
    "zen-browser": {
      "inputs": {
        "nixpkgs": [
          "nixpkgs"
        ]
      },
      "locked": {
        "lastModified": 1767307876,
        "narHash": "sha256-d5EKvUnfr6tdhymIThz0WGG0JHT2cCZzbZK4t2CwYuc=",
        "owner": "youwen5",
        "repo": "zen-browser-flake",
        "rev": "c5bffaf433e6137fe80cd1930584836f11119b26",
        "type": "github"
      },
      "original": {
        "owner": "youwen5",
        "repo": "zen-browser-flake",
        "type": "github"
      }
    }
  },
  "root": "root",
  "version": 7
}
